
Microsoft Visual Studio Solution File, Format Version 12.00
Project("{FAE04EC0-301F-11D3-BF4B-00C04F79EFBC}") = "SubtickBot", "SubtickBot\SubtickBot.csproj", "{164D2696-B7DA-47E8-86B8-8AB014116FBD}"
EndProject
Project("{FAE04EC0-301F-11D3-BF4B-00C04F79EFBC}") = "SubtickBot.Data", "SubtickBot.Data\SubtickBot.Data.csproj", "{FD12AF95-258A-4DE6-9F68-548D8B8D2CEB}"
EndProject
Project("{FAE04EC0-301F-11D3-BF4B-00C04F79EFBC}") = "SubtickBot.Tests", "SubtickBot.Tests\SubtickBot.Tests.csproj", "{00A1E308-AFF1-4322-A520-CE05FE6D6063}"
EndProject
Global
	GlobalSection(SolutionConfigurationPlatforms) = preSolution
		Debug|Any CPU = Debug|Any CPU
		Release|Any CPU = Release|Any CPU
	EndGlobalSection
	GlobalSection(ProjectConfigurationPlatforms) = postSolution
		{164D2696-B7DA-47E8-86B8-8AB014116FBD}.Debug|Any CPU.ActiveCfg = Debug|Any CPU
		{164D2696-B7DA-47E8-86B8-8AB014116FBD}.Debug|Any CPU.Build.0 = Debug|Any CPU
		{164D2696-B7DA-47E8-86B8-8AB014116FBD}.Release|Any CPU.ActiveCfg = Release|Any CPU
		{164D2696-B7DA-47E8-86B8-8AB014116FBD}.Release|Any CPU.Build.0 = Release|Any CPU
		{FD12AF95-258A-4DE6-9F68-548D8B8D2CEB}.Debug|Any CPU.ActiveCfg = Debug|Any CPU
		{FD12AF95-258A-4DE6-9F68-548D8B8D2CEB}.Debug|Any CPU.Build.0 = Debug|Any CPU
		{FD12AF95-258A-4DE6-9F68-548D8B8D2CEB}.Release|Any CPU.ActiveCfg = Release|Any CPU
		{FD12AF95-258A-4DE6-9F68-548D8B8D2CEB}.Release|Any CPU.Build.0 = Release|Any CPU
		{00A1E308-AFF1-4322-A520-CE05FE6D6063}.Debug|Any CPU.ActiveCfg = Debug|Any CPU
		{00A1E308-AFF1-4322-A520-CE05FE6D6063}.Debug|Any CPU.Build.0 = Debug|Any CPU
		{00A1E308-AFF1-4322-A520-CE05FE6D6063}.Release|Any CPU.ActiveCfg = Release|Any CPU
		{00A1E308-AFF1-4322-A520-CE05FE6D6063}.Release|Any CPU.Build.0 = Release|Any CPU
	EndGlobalSection
EndGlobal
